
Microsoft Visual Studio Solution File, Format Version 12.00
# Visual Studio 14
VisualStudioVersion = 14.0.24720.0
MinimumVisualStudioVersion = 10.0.40219.1
Project("{FAE04EC0-301F-11D3-BF4B-00C04F79EFBC}") = "GameBuilder", "GameBuilder\GameBuilder.csproj", "{BBE362E2-30F9-42DC-A664-4B77402F4FBF}"
EndProject
Project("{FAE04EC0-301F-11D3-BF4B-00C04F79EFBC}") = "GameBuilder.IDE", "GameBuilder.IDE\GameBuilder.IDE.csproj", "{3B5085D9-E924-499E-AEF4-781A1505A49A}"
EndProject
Project("{FAE04EC0-301F-11D3-BF4B-00C04F79EFBC}") = "GameBuilder.Library", "GameBuilder.Library\GameBuilder.Library.csproj", "{A8599123-45F3-49CE-B5C9-E9C7359DC7E2}"
EndProject
Global
	GlobalSection(SolutionConfigurationPlatforms) = preSolution
		Debug|Any CPU = Debug|Any CPU
		Release|Any CPU = Release|Any CPU
	EndGlobalSection
	GlobalSection(ProjectConfigurationPlatforms) = postSolution
		{BBE362E2-30F9-42DC-A664-4B77402F4FBF}.Debug|Any CPU.ActiveCfg = Debug|Any CPU
		{BBE362E2-30F9-42DC-A664-4B77402F4FBF}.Debug|Any CPU.Build.0 = Debug|Any CPU
		{BBE362E2-30F9-42DC-A664-4B77402F4FBF}.Release|Any CPU.ActiveCfg = Release|Any CPU
		{BBE362E2-30F9-42DC-A664-4B77402F4FBF}.Release|Any CPU.Build.0 = Release|Any CPU
		{3B5085D9-E924-499E-AEF4-781A1505A49A}.Debug|Any CPU.ActiveCfg = Debug|Any CPU
		{3B5085D9-E924-499E-AEF4-781A1505A49A}.Debug|Any CPU.Build.0 = Debug|Any CPU
		{3B5085D9-E924-499E-AEF4-781A1505A49A}.Release|Any CPU.ActiveCfg = Release|Any CPU
		{3B5085D9-E924-499E-AEF4-781A1505A49A}.Release|Any CPU.Build.0 = Release|Any CPU
		{A8599123-45F3-49CE-B5C9-E9C7359DC7E2}.Debug|Any CPU.ActiveCfg = Debug|Any CPU
		{A8599123-45F3-49CE-B5C9-E9C7359DC7E2}.Debug|Any CPU.Build.0 = Debug|Any CPU
		{A8599123-45F3-49CE-B5C9-E9C7359DC7E2}.Release|Any CPU.ActiveCfg = Release|Any CPU
		{A8599123-45F3-49CE-B5C9-E9C7359DC7E2}.Release|Any CPU.Build.0 = Release|Any CPU
	EndGlobalSection
	GlobalSection(SolutionProperties) = preSolution
		HideSolutionNode = FALSE
	EndGlobalSection
EndGlobal
